
Microsoft Visual Studio Solution File, Format Version 12.00
# Visual Studio Version 17
VisualStudioVersion = 17.0.31903.59
MinimumVisualStudioVersion = 10.0.40219.1
Project("{FAE04EC0-301F-11D3-BF4B-00C04F79EFBC}") = "JwtDecoder", "JwtDecoder.csproj", "{25C61FF7-078E-415A-AA2A-56A80C57E815}"
EndProject
Project("{2150E333-8FDC-42A3-9474-1A3956D46DE8}") = "Root", "Root", "{3EB7D0A9-022C-43CD-BE36-4220A3D9B93D}"
	ProjectSection(SolutionItems) = preProject
		.github\workflows\dotnet.yml = .github\workflows\dotnet.yml
	EndProjectSection
EndProject
Global
	GlobalSection(SolutionConfigurationPlatforms) = preSolution
		Debug|Any CPU = Debug|Any CPU
		Release|Any CPU = Release|Any CPU
	EndGlobalSection
	GlobalSection(SolutionProperties) = preSolution
		HideSolutionNode = FALSE
	EndGlobalSection
	GlobalSection(ProjectConfigurationPlatforms) = postSolution
		{25C61FF7-078E-415A-AA2A-56A80C57E815}.Debug|Any CPU.ActiveCfg = Debug|Any CPU
		{25C61FF7-078E-415A-AA2A-56A80C57E815}.Debug|Any CPU.Build.0 = Debug|Any CPU
		{25C61FF7-078E-415A-AA2A-56A80C57E815}.Release|Any CPU.ActiveCfg = Release|Any CPU
		{25C61FF7-078E-415A-AA2A-56A80C57E815}.Release|Any CPU.Build.0 = Release|Any CPU
	EndGlobalSection
EndGlobal
